{
  "name": "atomi",
  "version": "0.0.1",
  "lockfileVersion": 2,
  "requires": true,
  "packages": {
    "": {
      "name": "atomi",
      "version": "0.0.1",
      "license": "MIT",
      "devDependencies": {
        "unit-tester": "^1.0.4"
      }
    },
    "node_modules/unit-tester": {
      "version": "1.0.4",
      "resolved": "https://registry.npmjs.org/unit-tester/-/unit-tester-1.0.4.tgz",
      "integrity": "sha512-upiGCqUaMHUWfeLPVyKHMZmd1yv5BW2IDCALTgNIKHQdFwhSuYkH+YKxVJt5JV7NkesdgKOLISkT3JPltYPWtw==",
      "dev": true
    }
  },
  "dependencies": {
    "unit-tester": {
      "version": "1.0.4",
      "resolved": "https://registry.npmjs.org/unit-tester/-/unit-tester-1.0.4.tgz",
      "integrity": "sha512-upiGCqUaMHUWfeLPVyKHMZmd1yv5BW2IDCALTgNIKHQdFwhSuYkH+YKxVJt5JV7NkesdgKOLISkT3JPltYPWtw==",
      "dev": true
    }
  }
}
